
Microsoft Visual Studio Solution File, Format Version 12.00
# Visual Studio Version 16
VisualStudioVersion = 16.0.29215.179
MinimumVisualStudioVersion = 10.0.40219.1
Project("{8BC9CEB8-8B4A-11D0-8D11-00A0C91BC942}") = "类模板概念，类模板定义，使用", "类模板概念，类模板定义，使用\类模板概念，类模板定义，使用.vcxproj", "{B3993D04-A88B-42B5-B3FF-17F2B0D67C15}"
EndProject
Global
	GlobalSection(SolutionConfigurationPlatforms) = preSolution
		Debug|x64 = Debug|x64
		Debug|x86 = Debug|x86
		Release|x64 = Release|x64
		Release|x86 = Release|x86
	EndGlobalSection
	GlobalSection(ProjectConfigurationPlatforms) = postSolution
		{B3993D04-A88B-42B5-B3FF-17F2B0D67C15}.Debug|x64.ActiveCfg = Debug|x64
		{B3993D04-A88B-42B5-B3FF-17F2B0D67C15}.Debug|x64.Build.0 = Debug|x64
		{B3993D04-A88B-42B5-B3FF-17F2B0D67C15}.Debug|x86.ActiveCfg = Debug|Win32
		{B3993D04-A88B-42B5-B3FF-17F2B0D67C15}.Debug|x86.Build.0 = Debug|Win32
		{B3993D04-A88B-42B5-B3FF-17F2B0D67C15}.Release|x64.ActiveCfg = Release|x64
		{B3993D04-A88B-42B5-B3FF-17F2B0D67C15}.Release|x64.Build.0 = Release|x64
		{B3993D04-A88B-42B5-B3FF-17F2B0D67C15}.Release|x86.ActiveCfg = Release|Win32
		{B3993D04-A88B-42B5-B3FF-17F2B0D67C15}.Release|x86.Build.0 = Release|Win32
	EndGlobalSection
	GlobalSection(SolutionProperties) = preSolution
		HideSolutionNode = FALSE
	EndGlobalSection
	GlobalSection(ExtensibilityGlobals) = postSolution
		SolutionGuid = {88DDDA91-B01F-422B-8BA1-8EDD546F443D}
	EndGlobalSection
EndGlobal
